// !$*UTF8*$!
{
	archiveVersion = 1;
	classes = {
	};
	objectVersion = 56;
	objects = {

/* Begin PBXBuildFile section */
		0E5A1CFF2C357285003CE36C /* AppDelegate.swift in Sources */ = {isa = PBXBuildFile; fileRef = 0E5A1CFE2C357285003CE36C /* AppDelegate.swift */; };
		0E5A1D012C357285003CE36C /* SceneDelegate.swift in Sources */ = {isa = PBXBuildFile; fileRef = 0E5A1D002C357285003CE36C /* SceneDelegate.swift */; };
		0E5A1D082C357287003CE36C /* Assets.xcassets in Resources */ = {isa = PBXBuildFile; fileRef = 0E5A1D072C357287003CE36C /* Assets.xcassets */; };
		0E5A1D0B2C357287003CE36C /* LaunchScreen.storyboard in Resources */ = {isa = PBXBuildFile; fileRef = 0E5A1D092C357287003CE36C /* LaunchScreen.storyboard */; };
		0E5A1D162C357287003CE36C /* ShopLive_iOS_AssignmentTests.swift in Sources */ = {isa = PBXBuildFile; fileRef = 0E5A1D152C357287003CE36C /* ShopLive_iOS_AssignmentTests.swift */; };
		0E5A1D202C357288003CE36C /* ShopLive_iOS_AssignmentUITests.swift in Sources */ = {isa = PBXBuildFile; fileRef = 0E5A1D1F2C357288003CE36C /* ShopLive_iOS_AssignmentUITests.swift */; };
		0E5A1D222C357288003CE36C /* ShopLive_iOS_AssignmentUITestsLaunchTests.swift in Sources */ = {isa = PBXBuildFile; fileRef = 0E5A1D212C357288003CE36C /* ShopLive_iOS_AssignmentUITestsLaunchTests.swift */; };
		0E5A1D312C35778C003CE36C /* MainTabbarController.swift in Sources */ = {isa = PBXBuildFile; fileRef = 0E5A1D302C35778C003CE36C /* MainTabbarController.swift */; };
		0E5A1D332C35780D003CE36C /* SearchCharacterViewController.swift in Sources */ = {isa = PBXBuildFile; fileRef = 0E5A1D322C35780D003CE36C /* SearchCharacterViewController.swift */; };
		0E5A1D352C35781E003CE36C /* FavoriteCharacterViewController.swift in Sources */ = {isa = PBXBuildFile; fileRef = 0E5A1D342C35781E003CE36C /* FavoriteCharacterViewController.swift */; };
		0E5A1D382C3581B3003CE36C /* MarvelCharacter.swift in Sources */ = {isa = PBXBuildFile; fileRef = 0E5A1D372C3581B3003CE36C /* MarvelCharacter.swift */; };
		0E5A1D3B2C358932003CE36C /* SnapKit in Frameworks */ = {isa = PBXBuildFile; productRef = 0E5A1D3A2C358932003CE36C /* SnapKit */; };
		0E5A1D3E2C358940003CE36C /* SDWebImage in Frameworks */ = {isa = PBXBuildFile; productRef = 0E5A1D3D2C358940003CE36C /* SDWebImage */; };
		0E5A1D422C358B8D003CE36C /* CharacterCardCollectionViewCell.swift in Sources */ = {isa = PBXBuildFile; fileRef = 0E5A1D412C358B8D003CE36C /* CharacterCardCollectionViewCell.swift */; };
		0E5A1D452C359034003CE36C /* View+.swift in Sources */ = {isa = PBXBuildFile; fileRef = 0E5A1D442C359034003CE36C /* View+.swift */; };
		0E5A1D482C3598BB003CE36C /* NetworkManager.swift in Sources */ = {isa = PBXBuildFile; fileRef = 0E5A1D472C3598BB003CE36C /* NetworkManager.swift */; };
		0E5A1D4B2C359944003CE36C /* Resource.swift in Sources */ = {isa = PBXBuildFile; fileRef = 0E5A1D4A2C359944003CE36C /* Resource.swift */; };
		0E5A1D4D2C35A6AD003CE36C /* SearchCharacterViewModel.swift in Sources */ = {isa = PBXBuildFile; fileRef = 0E5A1D4C2C35A6AD003CE36C /* SearchCharacterViewModel.swift */; };
		0E5A1D4F2C35AC6C003CE36C /* Bundle+.swift in Sources */ = {isa = PBXBuildFile; fileRef = 0E5A1D4E2C35AC6C003CE36C /* Bundle+.swift */; };
		0E5A1D532C3646D0003CE36C /* FavoriteMarvelCharacter.xcdatamodeld in Sources */ = {isa = PBXBuildFile; fileRef = 0E5A1D512C3646D0003CE36C /* FavoriteMarvelCharacter.xcdatamodeld */; };
		0E5A1D562C364789003CE36C /* FavoriteMarvelCharacter+CoreDataClass.swift in Sources */ = {isa = PBXBuildFile; fileRef = 0E5A1D542C364789003CE36C /* FavoriteMarvelCharacter+CoreDataClass.swift */; };
		0E5A1D572C364789003CE36C /* FavoriteMarvelCharacter+CoreDataProperties.swift in Sources */ = {isa = PBXBuildFile; fileRef = 0E5A1D552C364789003CE36C /* FavoriteMarvelCharacter+CoreDataProperties.swift */; };
		0E5A1D592C364898003CE36C /* CoreDataManager.swift in Sources */ = {isa = PBXBuildFile; fileRef = 0E5A1D582C364898003CE36C /* CoreDataManager.swift */; };
		0E5A1D5C2C366834003CE36C /* FavoriteCharacterViewModel.swift in Sources */ = {isa = PBXBuildFile; fileRef = 0E5A1D5B2C366834003CE36C /* FavoriteCharacterViewModel.swift */; };
		0EA1981A2C3681D7001C07BD /* Lottie in Frameworks */ = {isa = PBXBuildFile; productRef = 0EA198192C3681D7001C07BD /* Lottie */; };
		0EA1981E2C3681FF001C07BD /* loading_animation_lottie.json in Resources */ = {isa = PBXBuildFile; fileRef = 0EA1981D2C3681FE001C07BD /* loading_animation_lottie.json */; };
		0EA198212C368717001C07BD /* LoadingAnimationCollectionViewCell.swift in Sources */ = {isa = PBXBuildFile; fileRef = 0EA198202C368717001C07BD /* LoadingAnimationCollectionViewCell.swift */; };
		0EA198292C36A837001C07BD /* MockURLSession.swift in Sources */ = {isa = PBXBuildFile; fileRef = 0EA198282C36A837001C07BD /* MockURLSession.swift */; };
		0EA1982B2C36A85A001C07BD /* ShopLive_iOS_Assignment_NetworkManagerTests.swift in Sources */ = {isa = PBXBuildFile; fileRef = 0EA1982A2C36A85A001C07BD /* ShopLive_iOS_Assignment_NetworkManagerTests.swift */; };
		0EA1982D2C36B4F2001C07BD /* ShopLive_iOS_Assignment_CoreDataManagerTests.swift in Sources */ = {isa = PBXBuildFile; fileRef = 0EA1982C2C36B4F2001C07BD /* ShopLive_iOS_Assignment_CoreDataManagerTests.swift */; };
		0EC40C632C3929680073C8C3 /* AlertManager.swift in Sources */ = {isa = PBXBuildFile; fileRef = 0EC40C622C3929680073C8C3 /* AlertManager.swift */; };
		0EC40C652C3929A00073C8C3 /* UIApplication+.swift in Sources */ = {isa = PBXBuildFile; fileRef = 0EC40C642C3929A00073C8C3 /* UIApplication+.swift */; };
		0EC40C672C392C140073C8C3 /* NetworkCheck.swift in Sources */ = {isa = PBXBuildFile; fileRef = 0EC40C662C392C140073C8C3 /* NetworkCheck.swift */; };
		0EE26CE82C3795D0009F6BD8 /* SLPassthroughSubject.swift in Sources */ = {isa = PBXBuildFile; fileRef = 0EE26CE72C3795D0009F6BD8 /* SLPassthroughSubject.swift */; };
		0EE26CEA2C37961A009F6BD8 /* SLCurrentValueSubject.swift in Sources */ = {isa = PBXBuildFile; fileRef = 0EE26CE92C37961A009F6BD8 /* SLCurrentValueSubject.swift */; };
		0EE26CEC2C379649009F6BD8 /* SLSubscriber.swift in Sources */ = {isa = PBXBuildFile; fileRef = 0EE26CEB2C379649009F6BD8 /* SLSubscriber.swift */; };
		0EE26CEE2C379691009F6BD8 /* SLAnyCancellable.swift in Sources */ = {isa = PBXBuildFile; fileRef = 0EE26CED2C379691009F6BD8 /* SLAnyCancellable.swift */; };
		0EE26CF02C37970B009F6BD8 /* Operators.swift in Sources */ = {isa = PBXBuildFile; fileRef = 0EE26CEF2C37970B009F6BD8 /* Operators.swift */; };
/* End PBXBuildFile section */

/* Begin PBXContainerItemProxy section */
		0E5A1D122C357287003CE36C /* PBXContainerItemProxy */ = {
			isa = PBXContainerItemProxy;
			containerPortal = 0E5A1CF32C357285003CE36C /* Project object */;
			proxyType = 1;
			remoteGlobalIDString = 0E5A1CFA2C357285003CE36C;
			remoteInfo = ShopLive_iOS_Assignment;
		};
		0E5A1D1C2C357288003CE36C /* PBXContainerItemProxy */ = {
			isa = PBXContainerItemProxy;
			containerPortal = 0E5A1CF32C357285003CE36C /* Project object */;
			proxyType = 1;
			remoteGlobalIDString = 0E5A1CFA2C357285003CE36C;
			remoteInfo = ShopLive_iOS_Assignment;
		};
/* End PBXContainerItemProxy section */

/* Begin PBXFileReference section */
		0E5A1CFB2C357285003CE36C /* ShopLive_iOS_Assignment.app */ = {isa = PBXFileReference; explicitFileType = wrapper.application; includeInIndex = 0; path = ShopLive_iOS_Assignment.app; sourceTree = BUILT_PRODUCTS_DIR; };
		0E5A1CFE2C357285003CE36C /* AppDelegate.swift */ = {isa = PBXFileReference; lastKnownFileType = sourcecode.swift; path = AppDelegate.swift; sourceTree = "<group>"; };
		0E5A1D002C357285003CE36C /* SceneDelegate.swift */ = {isa = PBXFileReference; lastKnownFileType = sourcecode.swift; path = SceneDelegate.swift; sourceTree = "<group>"; };
		0E5A1D072C357287003CE36C /* Assets.xcassets */ = {isa = PBXFileReference; lastKnownFileType = folder.assetcatalog; path = Assets.xcassets; sourceTree = "<group>"; };
		0E5A1D0A2C357287003CE36C /* Base */ = {isa = PBXFileReference; lastKnownFileType = file.storyboard; name = Base; path = Base.lproj/LaunchScreen.storyboard; sourceTree = "<group>"; };
		0E5A1D0C2C357287003CE36C /* Info.plist */ = {isa = PBXFileReference; lastKnownFileType = text.plist.xml; path = Info.plist; sourceTree = "<group>"; };
		0E5A1D112C357287003CE36C /* ShopLive_iOS_AssignmentTests.xctest */ = {isa = PBXFileReference; explicitFileType = wrapper.cfbundle; includeInIndex = 0; path = ShopLive_iOS_AssignmentTests.xctest; sourceTree = BUILT_PRODUCTS_DIR; };
		0E5A1D152C357287003CE36C /* ShopLive_iOS_AssignmentTests.swift */ = {isa = PBXFileReference; lastKnownFileType = sourcecode.swift; path = ShopLive_iOS_AssignmentTests.swift; sourceTree = "<group>"; };
		0E5A1D1B2C357288003CE36C /* ShopLive_iOS_AssignmentUITests.xctest */ = {isa = PBXFileReference; explicitFileType = wrapper.cfbundle; includeInIndex = 0; path = ShopLive_iOS_AssignmentUITests.xctest; sourceTree = BUILT_PRODUCTS_DIR; };
		0E5A1D1F2C357288003CE36C /* ShopLive_iOS_AssignmentUITests.swift */ = {isa = PBXFileReference; lastKnownFileType = sourcecode.swift; path = ShopLive_iOS_AssignmentUITests.swift; sourceTree = "<group>"; };
		0E5A1D212C357288003CE36C /* ShopLive_iOS_AssignmentUITestsLaunchTests.swift */ = {isa = PBXFileReference; lastKnownFileType = sourcecode.swift; path = ShopLive_iOS_AssignmentUITestsLaunchTests.swift; sourceTree = "<group>"; };
		0E5A1D2E2C357571003CE36C /* Secret.xcconfig */ = {isa = PBXFileReference; lastKnownFileType = text.xcconfig; path = Secret.xcconfig; sourceTree = "<group>"; };
		0E5A1D302C35778C003CE36C /* MainTabbarController.swift */ = {isa = PBXFileReference; lastKnownFileType = sourcecode.swift; path = MainTabbarController.swift; sourceTree = "<group>"; };
		0E5A1D322C35780D003CE36C /* SearchCharacterViewController.swift */ = {isa = PBXFileReference; lastKnownFileType = sourcecode.swift; path = SearchCharacterViewController.swift; sourceTree = "<group>"; };
		0E5A1D342C35781E003CE36C /* FavoriteCharacterViewController.swift */ = {isa = PBXFileReference; lastKnownFileType = sourcecode.swift; path = FavoriteCharacterViewController.swift; sourceTree = "<group>"; };
		0E5A1D372C3581B3003CE36C /* MarvelCharacter.swift */ = {isa = PBXFileReference; lastKnownFileType = sourcecode.swift; path = MarvelCharacter.swift; sourceTree = "<group>"; };
		0E5A1D412C358B8D003CE36C /* CharacterCardCollectionViewCell.swift */ = {isa = PBXFileReference; lastKnownFileType = sourcecode.swift; path = CharacterCardCollectionViewCell.swift; sourceTree = "<group>"; };
		0E5A1D442C359034003CE36C /* View+.swift */ = {isa = PBXFileReference; lastKnownFileType = sourcecode.swift; path = "View+.swift"; sourceTree = "<group>"; };
		0E5A1D472C3598BB003CE36C /* NetworkManager.swift */ = {isa = PBXFileReference; lastKnownFileType = sourcecode.swift; path = NetworkManager.swift; sourceTree = "<group>"; };
		0E5A1D4A2C359944003CE36C /* Resource.swift */ = {isa = PBXFileReference; lastKnownFileType = sourcecode.swift; path = Resource.swift; sourceTree = "<group>"; };
		0E5A1D4C2C35A6AD003CE36C /* SearchCharacterViewModel.swift */ = {isa = PBXFileReference; lastKnownFileType = sourcecode.swift; path = SearchCharacterViewModel.swift; sourceTree = "<group>"; };
		0E5A1D4E2C35AC6C003CE36C /* Bundle+.swift */ = {isa = PBXFileReference; lastKnownFileType = sourcecode.swift; path = "Bundle+.swift"; sourceTree = "<group>"; };
		0E5A1D522C3646D0003CE36C /* FavoriteMarvelCharacter.xcdatamodel */ = {isa = PBXFileReference; lastKnownFileType = wrapper.xcdatamodel; path = FavoriteMarvelCharacter.xcdatamodel; sourceTree = "<group>"; };
		0E5A1D542C364789003CE36C /* FavoriteMarvelCharacter+CoreDataClass.swift */ = {isa = PBXFileReference; lastKnownFileType = sourcecode.swift; path = "FavoriteMarvelCharacter+CoreDataClass.swift"; sourceTree = "<group>"; };
		0E5A1D552C364789003CE36C /* FavoriteMarvelCharacter+CoreDataProperties.swift */ = {isa = PBXFileReference; lastKnownFileType = sourcecode.swift; path = "FavoriteMarvelCharacter+CoreDataProperties.swift"; sourceTree = "<group>"; };
		0E5A1D582C364898003CE36C /* CoreDataManager.swift */ = {isa = PBXFileReference; lastKnownFileType = sourcecode.swift; path = CoreDataManager.swift; sourceTree = "<group>"; };
		0E5A1D5B2C366834003CE36C /* FavoriteCharacterViewModel.swift */ = {isa = PBXFileReference; lastKnownFileType = sourcecode.swift; path = FavoriteCharacterViewModel.swift; sourceTree = "<group>"; };
		0EA1981D2C3681FE001C07BD /* loading_animation_lottie.json */ = {isa = PBXFileReference; fileEncoding = 4; lastKnownFileType = text.json; path = loading_animation_lottie.json; sourceTree = "<group>"; };
		0EA198202C368717001C07BD /* LoadingAnimationCollectionViewCell.swift */ = {isa = PBXFileReference; lastKnownFileType = sourcecode.swift; path = LoadingAnimationCollectionViewCell.swift; sourceTree = "<group>"; };
		0EA198282C36A837001C07BD /* MockURLSession.swift */ = {isa = PBXFileReference; lastKnownFileType = sourcecode.swift; path = MockURLSession.swift; sourceTree = "<group>"; };
		0EA1982A2C36A85A001C07BD /* ShopLive_iOS_Assignment_NetworkManagerTests.swift */ = {isa = PBXFileReference; lastKnownFileType = sourcecode.swift; path = ShopLive_iOS_Assignment_NetworkManagerTests.swift; sourceTree = "<group>"; };
		0EA1982C2C36B4F2001C07BD /* ShopLive_iOS_Assignment_CoreDataManagerTests.swift */ = {isa = PBXFileReference; lastKnownFileType = sourcecode.swift; path = ShopLive_iOS_Assignment_CoreDataManagerTests.swift; sourceTree = "<group>"; };
		0EC40C622C3929680073C8C3 /* AlertManager.swift */ = {isa = PBXFileReference; lastKnownFileType = sourcecode.swift; path = AlertManager.swift; sourceTree = "<group>"; };
		0EC40C642C3929A00073C8C3 /* UIApplication+.swift */ = {isa = PBXFileReference; lastKnownFileType = sourcecode.swift; path = "UIApplication+.swift"; sourceTree = "<group>"; };
		0EC40C662C392C140073C8C3 /* NetworkCheck.swift */ = {isa = PBXFileReference; lastKnownFileType = sourcecode.swift; path = NetworkCheck.swift; sourceTree = "<group>"; };
		0EE26CE72C3795D0009F6BD8 /* SLPassthroughSubject.swift */ = {isa = PBXFileReference; lastKnownFileType = sourcecode.swift; path = SLPassthroughSubject.swift; sourceTree = "<group>"; };
		0EE26CE92C37961A009F6BD8 /* SLCurrentValueSubject.swift */ = {isa = PBXFileReference; lastKnownFileType = sourcecode.swift; path = SLCurrentValueSubject.swift; sourceTree = "<group>"; };
		0EE26CEB2C379649009F6BD8 /* SLSubscriber.swift */ = {isa = PBXFileReference; lastKnownFileType = sourcecode.swift; path = SLSubscriber.swift; sourceTree = "<group>"; };
		0EE26CED2C379691009F6BD8 /* SLAnyCancellable.swift */ = {isa = PBXFileReference; lastKnownFileType = sourcecode.swift; path = SLAnyCancellable.swift; sourceTree = "<group>"; };
		0EE26CEF2C37970B009F6BD8 /* Operators.swift */ = {isa = PBXFileReference; lastKnownFileType = sourcecode.swift; path = Operators.swift; sourceTree = "<group>"; };
/* End PBXFileReference section */

/* Begin PBXFrameworksBuildPhase section */
		0E5A1CF82C357285003CE36C /* Frameworks */ = {
			isa = PBXFrameworksBuildPhase;
			buildActionMask = 2147483647;
			files = (
				0E5A1D3E2C358940003CE36C /* SDWebImage in Frameworks */,
				0E5A1D3B2C358932003CE36C /* SnapKit in Frameworks */,
				0EA1981A2C3681D7001C07BD /* Lottie in Frameworks */,
			);
			runOnlyForDeploymentPostprocessing = 0;
		};
		0E5A1D0E2C357287003CE36C /* Frameworks */ = {
			isa = PBXFrameworksBuildPhase;
			buildActionMask = 2147483647;
			files = (
			);
			runOnlyForDeploymentPostprocessing = 0;
		};
		0E5A1D182C357288003CE36C /* Frameworks */ = {
			isa = PBXFrameworksBuildPhase;
			buildActionMask = 2147483647;
			files = (
			);
			runOnlyForDeploymentPostprocessing = 0;
		};
/* End PBXFrameworksBuildPhase section */

/* Begin PBXGroup section */
		0E5A1CF22C357285003CE36C = {
			isa = PBXGroup;
			children = (
				0E5A1CFD2C357285003CE36C /* ShopLive_iOS_Assignment */,
				0E5A1D142C357287003CE36C /* ShopLive_iOS_AssignmentTests */,
				0E5A1D1E2C357288003CE36C /* ShopLive_iOS_AssignmentUITests */,
				0E5A1CFC2C357285003CE36C /* Products */,
			);
			sourceTree = "<group>";
		};
		0E5A1CFC2C357285003CE36C /* Products */ = {
			isa = PBXGroup;
			children = (
				0E5A1CFB2C357285003CE36C /* ShopLive_iOS_Assignment.app */,
				0E5A1D112C357287003CE36C /* ShopLive_iOS_AssignmentTests.xctest */,
				0E5A1D1B2C357288003CE36C /* ShopLive_iOS_AssignmentUITests.xctest */,
			);
			name = Products;
			sourceTree = "<group>";
		};
		0E5A1CFD2C357285003CE36C /* ShopLive_iOS_Assignment */ = {
			isa = PBXGroup;
			children = (
				0EA1981B2C3681E6001C07BD /* Application */,
				0E5A1D462C3598B3003CE36C /* Manager */,
				0E5A1D432C35902E003CE36C /* Extension */,
				0E5A1D362C3581AC003CE36C /* Model */,
				0E5A1D2F2C357781003CE36C /* ViewController */,
				0E5A1D0C2C357287003CE36C /* Info.plist */,
				0E5A1D2E2C357571003CE36C /* Secret.xcconfig */,
			);
			path = ShopLive_iOS_Assignment;
			sourceTree = "<group>";
		};
		0E5A1D142C357287003CE36C /* ShopLive_iOS_AssignmentTests */ = {
			isa = PBXGroup;
			children = (
				0E5A1D152C357287003CE36C /* ShopLive_iOS_AssignmentTests.swift */,
				0EA1982A2C36A85A001C07BD /* ShopLive_iOS_Assignment_NetworkManagerTests.swift */,
				0EA1982C2C36B4F2001C07BD /* ShopLive_iOS_Assignment_CoreDataManagerTests.swift */,
			);
			path = ShopLive_iOS_AssignmentTests;
			sourceTree = "<group>";
		};
		0E5A1D1E2C357288003CE36C /* ShopLive_iOS_AssignmentUITests */ = {
			isa = PBXGroup;
			children = (
				0E5A1D1F2C357288003CE36C /* ShopLive_iOS_AssignmentUITests.swift */,
				0E5A1D212C357288003CE36C /* ShopLive_iOS_AssignmentUITestsLaunchTests.swift */,
			);
			path = ShopLive_iOS_AssignmentUITests;
			sourceTree = "<group>";
		};
		0E5A1D2F2C357781003CE36C /* ViewController */ = {
			isa = PBXGroup;
			children = (
				0EA1981F2C368707001C07BD /* CommonView */,
				0E5A1D5A2C36681E003CE36C /* FavoriteCharacterViewController */,
				0E5A1D3F2C358B62003CE36C /* SearchCharacterViewController */,
				0E5A1D302C35778C003CE36C /* MainTabbarController.swift */,
			);
			path = ViewController;
			sourceTree = "<group>";
		};
		0E5A1D362C3581AC003CE36C /* Model */ = {
			isa = PBXGroup;
			children = (
				0E5A1D502C3646B1003CE36C /* CoreData */,
				0E5A1D372C3581B3003CE36C /* MarvelCharacter.swift */,
			);
			path = Model;
			sourceTree = "<group>";
		};
		0E5A1D3F2C358B62003CE36C /* SearchCharacterViewController */ = {
			isa = PBXGroup;
			children = (
				0E5A1D322C35780D003CE36C /* SearchCharacterViewController.swift */,
				0E5A1D4C2C35A6AD003CE36C /* SearchCharacterViewModel.swift */,
			);
			path = SearchCharacterViewController;
			sourceTree = "<group>";
		};
		0E5A1D432C35902E003CE36C /* Extension */ = {
			isa = PBXGroup;
			children = (
				0E5A1D442C359034003CE36C /* View+.swift */,
				0E5A1D4E2C35AC6C003CE36C /* Bundle+.swift */,
				0EC40C642C3929A00073C8C3 /* UIApplication+.swift */,
			);
			path = Extension;
			sourceTree = "<group>";
		};
		0E5A1D462C3598B3003CE36C /* Manager */ = {
			isa = PBXGroup;
			children = (
				0EE26CE62C379597009F6BD8 /* SLCombine */,
				0E5A1D492C359938003CE36C /* Network */,
				0E5A1D582C364898003CE36C /* CoreDataManager.swift */,
				0EC40C622C3929680073C8C3 /* AlertManager.swift */,
			);
			path = Manager;
			sourceTree = "<group>";
		};
		0E5A1D492C359938003CE36C /* Network */ = {
			isa = PBXGroup;
			children = (
				0E5A1D472C3598BB003CE36C /* NetworkManager.swift */,
				0E5A1D4A2C359944003CE36C /* Resource.swift */,
				0EA198282C36A837001C07BD /* MockURLSession.swift */,
				0EC40C662C392C140073C8C3 /* NetworkCheck.swift */,
			);
			path = Network;
			sourceTree = "<group>";
		};
		0E5A1D502C3646B1003CE36C /* CoreData */ = {
			isa = PBXGroup;
			children = (
				0E5A1D512C3646D0003CE36C /* FavoriteMarvelCharacter.xcdatamodeld */,
				0E5A1D542C364789003CE36C /* FavoriteMarvelCharacter+CoreDataClass.swift */,
				0E5A1D552C364789003CE36C /* FavoriteMarvelCharacter+CoreDataProperties.swift */,
			);
			path = CoreData;
			sourceTree = "<group>";
		};
		0E5A1D5A2C36681E003CE36C /* FavoriteCharacterViewController */ = {
			isa = PBXGroup;
			children = (
				0E5A1D342C35781E003CE36C /* FavoriteCharacterViewController.swift */,
				0E5A1D5B2C366834003CE36C /* FavoriteCharacterViewModel.swift */,
			);
			path = FavoriteCharacterViewController;
			sourceTree = "<group>";
		};
		0EA1981B2C3681E6001C07BD /* Application */ = {
			isa = PBXGroup;
			children = (
				0EA1981C2C3681F1001C07BD /* Animation */,
				0E5A1CFE2C357285003CE36C /* AppDelegate.swift */,
				0E5A1D002C357285003CE36C /* SceneDelegate.swift */,
				0E5A1D072C357287003CE36C /* Assets.xcassets */,
				0E5A1D092C357287003CE36C /* LaunchScreen.storyboard */,
			);
			path = Application;
			sourceTree = "<group>";
		};
		0EA1981C2C3681F1001C07BD /* Animation */ = {
			isa = PBXGroup;
			children = (
				0EA1981D2C3681FE001C07BD /* loading_animation_lottie.json */,
			);
			path = Animation;
			sourceTree = "<group>";
		};
		0EA1981F2C368707001C07BD /* CommonView */ = {
			isa = PBXGroup;
			children = (
				0EA198202C368717001C07BD /* LoadingAnimationCollectionViewCell.swift */,
				0E5A1D412C358B8D003CE36C /* CharacterCardCollectionViewCell.swift */,
			);
			path = CommonView;
			sourceTree = "<group>";
		};
		0EE26CE62C379597009F6BD8 /* SLCombine */ = {
			isa = PBXGroup;
			children = (
				0EE26CE72C3795D0009F6BD8 /* SLPassthroughSubject.swift */,
				0EE26CE92C37961A009F6BD8 /* SLCurrentValueSubject.swift */,
				0EE26CEB2C379649009F6BD8 /* SLSubscriber.swift */,
				0EE26CED2C379691009F6BD8 /* SLAnyCancellable.swift */,
				0EE26CEF2C37970B009F6BD8 /* Operators.swift */,
			);
			path = SLCombine;
			sourceTree = "<group>";
		};
/* End PBXGroup section */

/* Begin PBXNativeTarget section */
		0E5A1CFA2C357285003CE36C /* ShopLive_iOS_Assignment */ = {
			isa = PBXNativeTarget;
			buildConfigurationList = 0E5A1D252C357288003CE36C /* Build configuration list for PBXNativeTarget "ShopLive_iOS_Assignment" */;
			buildPhases = (
				0E5A1CF72C357285003CE36C /* Sources */,
				0E5A1CF82C357285003CE36C /* Frameworks */,
				0E5A1CF92C357285003CE36C /* Resources */,
			);
			buildRules = (
			);
			dependencies = (
			);
			name = ShopLive_iOS_Assignment;
			packageProductDependencies = (
				0E5A1D3A2C358932003CE36C /* SnapKit */,
				0E5A1D3D2C358940003CE36C /* SDWebImage */,
				0EA198192C3681D7001C07BD /* Lottie */,
			);
			productName = ShopLive_iOS_Assignment;
			productReference = 0E5A1CFB2C357285003CE36C /* ShopLive_iOS_Assignment.app */;
			productType = "com.apple.product-type.application";
		};
		0E5A1D102C357287003CE36C /* ShopLive_iOS_AssignmentTests */ = {
			isa = PBXNativeTarget;
			buildConfigurationList = 0E5A1D282C357288003CE36C /* Build configuration list for PBXNativeTarget "ShopLive_iOS_AssignmentTests" */;
			buildPhases = (
				0E5A1D0D2C357287003CE36C /* Sources */,
				0E5A1D0E2C357287003CE36C /* Frameworks */,
				0E5A1D0F2C357287003CE36C /* Resources */,
			);
			buildRules = (
			);
			dependencies = (
				0E5A1D132C357287003CE36C /* PBXTargetDependency */,
			);
			name = ShopLive_iOS_AssignmentTests;
			productName = ShopLive_iOS_AssignmentTests;
			productReference = 0E5A1D112C357287003CE36C /* ShopLive_iOS_AssignmentTests.xctest */;
			productType = "com.apple.product-type.bundle.unit-test";
		};
		0E5A1D1A2C357288003CE36C /* ShopLive_iOS_AssignmentUITests */ = {
			isa = PBXNativeTarget;
			buildConfigurationList = 0E5A1D2B2C357288003CE36C /* Build configuration list for PBXNativeTarget "ShopLive_iOS_AssignmentUITests" */;
			buildPhases = (
				0E5A1D172C357288003CE36C /* Sources */,
				0E5A1D182C357288003CE36C /* Frameworks */,
				0E5A1D192C357288003CE36C /* Resources */,
			);
			buildRules = (
			);
			dependencies = (
				0E5A1D1D2C357288003CE36C /* PBXTargetDependency */,
			);
			name = ShopLive_iOS_AssignmentUITests;
			productName = ShopLive_iOS_AssignmentUITests;
			productReference = 0E5A1D1B2C357288003CE36C /* ShopLive_iOS_AssignmentUITests.xctest */;
			productType = "com.apple.product-type.bundle.ui-testing";
		};
/* End PBXNativeTarget section */

/* Begin PBXProject section */
		0E5A1CF32C357285003CE36C /* Project object */ = {
			isa = PBXProject;
			attributes = {
				BuildIndependentTargetsInParallel = 1;
				LastSwiftUpdateCheck = 1520;
				LastUpgradeCheck = 1520;
				TargetAttributes = {
					0E5A1CFA2C357285003CE36C = {
						CreatedOnToolsVersion = 15.2;
					};
					0E5A1D102C357287003CE36C = {
						CreatedOnToolsVersion = 15.2;
						TestTargetID = 0E5A1CFA2C357285003CE36C;
					};
					0E5A1D1A2C357288003CE36C = {
						CreatedOnToolsVersion = 15.2;
						TestTargetID = 0E5A1CFA2C357285003CE36C;
					};
				};
			};
			buildConfigurationList = 0E5A1CF62C357285003CE36C /* Build configuration list for PBXProject "ShopLive_iOS_Assignment" */;
			compatibilityVersion = "Xcode 14.0";
			developmentRegion = en;
			hasScannedForEncodings = 0;
			knownRegions = (
				en,
				Base,
			);
			mainGroup = 0E5A1CF22C357285003CE36C;
			packageReferences = (
				0E5A1D392C358932003CE36C /* XCRemoteSwiftPackageReference "SnapKit" */,
				0E5A1D3C2C358940003CE36C /* XCRemoteSwiftPackageReference "SDWebImage" */,
				0EA198182C3681D7001C07BD /* XCRemoteSwiftPackageReference "lottie-ios" */,
			);
			productRefGroup = 0E5A1CFC2C357285003CE36C /* Products */;
			projectDirPath = "";
			projectRoot = "";
			targets = (
				0E5A1CFA2C357285003CE36C /* ShopLive_iOS_Assignment */,
				0E5A1D102C357287003CE36C /* ShopLive_iOS_AssignmentTests */,
				0E5A1D1A2C357288003CE36C /* ShopLive_iOS_AssignmentUITests */,
			);
		};
/* End PBXProject section */

/* Begin PBXResourcesBuildPhase section */
		0E5A1CF92C357285003CE36C /* Resources */ = {
			isa = PBXResourcesBuildPhase;
			buildActionMask = 2147483647;
			files = (
				0E5A1D0B2C357287003CE36C /* LaunchScreen.storyboard in Resources */,
				0E5A1D082C357287003CE36C /* Assets.xcassets in Resources */,
				0EA1981E2C3681FF001C07BD /* loading_animation_lottie.json in Resources */,
			);
			runOnlyForDeploymentPostprocessing = 0;
		};
		0E5A1D0F2C357287003CE36C /* Resources */ = {
			isa = PBXResourcesBuildPhase;
			buildActionMask = 2147483647;
			files = (
			);
			runOnlyForDeploymentPostprocessing = 0;
		};
		0E5A1D192C357288003CE36C /* Resources */ = {
			isa = PBXResourcesBuildPhase;
			buildActionMask = 2147483647;
			files = (
			);
			runOnlyForDeploymentPostprocessing = 0;
		};
/* End PBXResourcesBuildPhase section */

/* Begin PBXSourcesBuildPhase section */
		0E5A1CF72C357285003CE36C /* Sources */ = {
			isa = PBXSourcesBuildPhase;
			buildActionMask = 2147483647;
			files = (
				0EE26CEC2C379649009F6BD8 /* SLSubscriber.swift in Sources */,
				0E5A1D482C3598BB003CE36C /* NetworkManager.swift in Sources */,
				0EC40C652C3929A00073C8C3 /* UIApplication+.swift in Sources */,
				0E5A1D352C35781E003CE36C /* FavoriteCharacterViewController.swift in Sources */,
				0E5A1D532C3646D0003CE36C /* FavoriteMarvelCharacter.xcdatamodeld in Sources */,
				0E5A1D422C358B8D003CE36C /* CharacterCardCollectionViewCell.swift in Sources */,
				0EE26CE82C3795D0009F6BD8 /* SLPassthroughSubject.swift in Sources */,
				0E5A1D4B2C359944003CE36C /* Resource.swift in Sources */,
				0E5A1CFF2C357285003CE36C /* AppDelegate.swift in Sources */,
				0EE26CEE2C379691009F6BD8 /* SLAnyCancellable.swift in Sources */,
				0E5A1D572C364789003CE36C /* FavoriteMarvelCharacter+CoreDataProperties.swift in Sources */,
				0EC40C672C392C140073C8C3 /* NetworkCheck.swift in Sources */,
				0E5A1D562C364789003CE36C /* FavoriteMarvelCharacter+CoreDataClass.swift in Sources */,
				0E5A1D312C35778C003CE36C /* MainTabbarController.swift in Sources */,
				0E5A1D452C359034003CE36C /* View+.swift in Sources */,
				0EE26CEA2C37961A009F6BD8 /* SLCurrentValueSubject.swift in Sources */,
				0EA198212C368717001C07BD /* LoadingAnimationCollectionViewCell.swift in Sources */,
				0E5A1D4D2C35A6AD003CE36C /* SearchCharacterViewModel.swift in Sources */,
				0E5A1D382C3581B3003CE36C /* MarvelCharacter.swift in Sources */,
				0EC40C632C3929680073C8C3 /* AlertManager.swift in Sources */,
				0EE26CF02C37970B009F6BD8 /* Operators.swift in Sources */,
				0E5A1D4F2C35AC6C003CE36C /* Bundle+.swift in Sources */,
				0E5A1D5C2C366834003CE36C /* FavoriteCharacterViewModel.swift in Sources */,
				0E5A1D332C35780D003CE36C /* SearchCharacterViewController.swift in Sources */,
				0EA198292C36A837001C07BD /* MockURLSession.swift in Sources */,
				0E5A1D592C364898003CE36C /* CoreDataManager.swift in Sources */,
				0E5A1D012C357285003CE36C /* SceneDelegate.swift in Sources */,
			);
			runOnlyForDeploymentPostprocessing = 0;
		};
		0E5A1D0D2C357287003CE36C /* Sources */ = {
			isa = PBXSourcesBuildPhase;
			buildActionMask = 2147483647;
			files = (
				0E5A1D162C357287003CE36C /* ShopLive_iOS_AssignmentTests.swift in Sources */,
				0EA1982B2C36A85A001C07BD /* ShopLive_iOS_Assignment_NetworkManagerTests.swift in Sources */,
				0EA1982D2C36B4F2001C07BD /* ShopLive_iOS_Assignment_CoreDataManagerTests.swift in Sources */,
			);
			runOnlyForDeploymentPostprocessing = 0;
		};
		0E5A1D172C357288003CE36C /* Sources */ = {
			isa = PBXSourcesBuildPhase;
			buildActionMask = 2147483647;
			files = (
				0E5A1D202C357288003CE36C /* ShopLive_iOS_AssignmentUITests.swift in Sources */,
				0E5A1D222C357288003CE36C /* ShopLive_iOS_AssignmentUITestsLaunchTests.swift in Sources */,
			);
			runOnlyForDeploymentPostprocessing = 0;
		};
/* End PBXSourcesBuildPhase section */

/* Begin PBXTargetDependency section */
		0E5A1D132C357287003CE36C /* PBXTargetDependency */ = {
			isa = PBXTargetDependency;
			target = 0E5A1CFA2C357285003CE36C /* ShopLive_iOS_Assignment */;
			targetProxy = 0E5A1D122C357287003CE36C /* PBXContainerItemProxy */;
		};
		0E5A1D1D2C357288003CE36C /* PBXTargetDependency */ = {
			isa = PBXTargetDependency;
			target = 0E5A1CFA2C357285003CE36C /* ShopLive_iOS_Assignment */;
			targetProxy = 0E5A1D1C2C357288003CE36C /* PBXContainerItemProxy */;
		};
/* End PBXTargetDependency section */

/* Begin PBXVariantGroup section */
		0E5A1D092C357287003CE36C /* LaunchScreen.storyboard */ = {
			isa = PBXVariantGroup;
			children = (
				0E5A1D0A2C357287003CE36C /* Base */,
			);
			name = LaunchScreen.storyboard;
			sourceTree = "<group>";
		};
/* End PBXVariantGroup section */

/* Begin XCBuildConfiguration section */
		0E5A1D232C357288003CE36C /* Debug */ = {
			isa = XCBuildConfiguration;
			buildSettings = {
				ALWAYS_SEARCH_USER_PATHS = NO;
				ASSETCATALOG_COMPILER_GENERATE_SWIFT_ASSET_SYMBOL_EXTENSIONS = YES;
				CLANG_ANALYZER_NONNULL = YES;
				CLANG_ANALYZER_NUMBER_OBJECT_CONVERSION = YES_AGGRESSIVE;
				CLANG_CXX_LANGUAGE_STANDARD = "gnu++20";
				CLANG_ENABLE_MODULES = YES;
				CLANG_ENABLE_OBJC_ARC = YES;
				CLANG_ENABLE_OBJC_WEAK = YES;
				CLANG_WARN_BLOCK_CAPTURE_AUTORELEASING = YES;
				CLANG_WARN_BOOL_CONVERSION = YES;
				CLANG_WARN_COMMA = YES;
				CLANG_WARN_CONSTANT_CONVERSION = YES;
				CLANG_WARN_DEPRECATED_OBJC_IMPLEMENTATIONS = YES;
				CLANG_WARN_DIRECT_OBJC_ISA_USAGE = YES_ERROR;
				CLANG_WARN_DOCUMENTATION_COMMENTS = YES;
				CLANG_WARN_EMPTY_BODY = YES;
				CLANG_WARN_ENUM_CONVERSION = YES;
				CLANG_WARN_INFINITE_RECURSION = YES;
				CLANG_WARN_INT_CONVERSION = YES;
				CLANG_WARN_NON_LITERAL_NULL_CONVERSION = YES;
				CLANG_WARN_OBJC_IMPLICIT_RETAIN_SELF = YES;
				CLANG_WARN_OBJC_LITERAL_CONVERSION = YES;
				CLANG_WARN_OBJC_ROOT_CLASS = YES_ERROR;
				CLANG_WARN_QUOTED_INCLUDE_IN_FRAMEWORK_HEADER = YES;
				CLANG_WARN_RANGE_LOOP_ANALYSIS = YES;
				CLANG_WARN_STRICT_PROTOTYPES = YES;
				CLANG_WARN_SUSPICIOUS_MOVE = YES;
				CLANG_WARN_UNGUARDED_AVAILABILITY = YES_AGGRESSIVE;
				CLANG_WARN_UNREACHABLE_CODE = YES;
				CLANG_WARN__DUPLICATE_METHOD_MATCH = YES;
				COPY_PHASE_STRIP = NO;
				DEBUG_INFORMATION_FORMAT = dwarf;
				ENABLE_STRICT_OBJC_MSGSEND = YES;
				ENABLE_TESTABILITY = YES;
				ENABLE_USER_SCRIPT_SANDBOXING = YES;
				GCC_C_LANGUAGE_STANDARD = gnu17;
				GCC_DYNAMIC_NO_PIC = NO;
				GCC_NO_COMMON_BLOCKS = YES;
				GCC_OPTIMIZATION_LEVEL = 0;
				GCC_PREPROCESSOR_DEFINITIONS = (
					"DEBUG=1",
					"$(inherited)",
				);
				GCC_WARN_64_TO_32_BIT_CONVERSION = YES;
				GCC_WARN_ABOUT_RETURN_TYPE = YES_ERROR;
				GCC_WARN_UNDECLARED_SELECTOR = YES;
				GCC_WARN_UNINITIALIZED_AUTOS = YES_AGGRESSIVE;
				GCC_WARN_UNUSED_FUNCTION = YES;
				GCC_WARN_UNUSED_VARIABLE = YES;
				IPHONEOS_DEPLOYMENT_TARGET = 17.2;
				LOCALIZATION_PREFERS_STRING_CATALOGS = YES;
				MTL_ENABLE_DEBUG_INFO = INCLUDE_SOURCE;
				MTL_FAST_MATH = YES;
				ONLY_ACTIVE_ARCH = YES;
				SDKROOT = iphoneos;
				SWIFT_ACTIVE_COMPILATION_CONDITIONS = "DEBUG $(inherited)";
				SWIFT_OPTIMIZATION_LEVEL = "-Onone";
			};
			name = Debug;
		};
		0E5A1D242C357288003CE36C /* Release */ = {
			isa = XCBuildConfiguration;
			buildSettings = {
				ALWAYS_SEARCH_USER_PATHS = NO;
				ASSETCATALOG_COMPILER_GENERATE_SWIFT_ASSET_SYMBOL_EXTENSIONS = YES;
				CLANG_ANALYZER_NONNULL = YES;
				CLANG_ANALYZER_NUMBER_OBJECT_CONVERSION = YES_AGGRESSIVE;
				CLANG_CXX_LANGUAGE_STANDARD = "gnu++20";
				CLANG_ENABLE_MODULES = YES;
				CLANG_ENABLE_OBJC_ARC = YES;
				CLANG_ENABLE_OBJC_WEAK = YES;
				CLANG_WARN_BLOCK_CAPTURE_AUTORELEASING = YES;
				CLANG_WARN_BOOL_CONVERSION = YES;
				CLANG_WARN_COMMA = YES;
				CLANG_WARN_CONSTANT_CONVERSION = YES;
				CLANG_WARN_DEPRECATED_OBJC_IMPLEMENTATIONS = YES;
				CLANG_WARN_DIRECT_OBJC_ISA_USAGE = YES_ERROR;
				CLANG_WARN_DOCUMENTATION_COMMENTS = YES;
				CLANG_WARN_EMPTY_BODY = YES;
				CLANG_WARN_ENUM_CONVERSION = YES;
				CLANG_WARN_INFINITE_RECURSION = YES;
				CLANG_WARN_INT_CONVERSION = YES;
				CLANG_WARN_NON_LITERAL_NULL_CONVERSION = YES;
				CLANG_WARN_OBJC_IMPLICIT_RETAIN_SELF = YES;
				CLANG_WARN_OBJC_LITERAL_CONVERSION = YES;
				CLANG_WARN_OBJC_ROOT_CLASS = YES_ERROR;
				CLANG_WARN_QUOTED_INCLUDE_IN_FRAMEWORK_HEADER = YES;
				CLANG_WARN_RANGE_LOOP_ANALYSIS = YES;
				CLANG_WARN_STRICT_PROTOTYPES = YES;
				CLANG_WARN_SUSPICIOUS_MOVE = YES;
				CLANG_WARN_UNGUARDED_AVAILABILITY = YES_AGGRESSIVE;
				CLANG_WARN_UNREACHABLE_CODE = YES;
				CLANG_WARN__DUPLICATE_METHOD_MATCH = YES;
				COPY_PHASE_STRIP = NO;
				DEBUG_INFORMATION_FORMAT = "dwarf-with-dsym";
				ENABLE_NS_ASSERTIONS = NO;
				ENABLE_STRICT_OBJC_MSGSEND = YES;
				ENABLE_USER_SCRIPT_SANDBOXING = YES;
				GCC_C_LANGUAGE_STANDARD = gnu17;
				GCC_NO_COMMON_BLOCKS = YES;
				GCC_WARN_64_TO_32_BIT_CONVERSION = YES;
				GCC_WARN_ABOUT_RETURN_TYPE = YES_ERROR;
				GCC_WARN_UNDECLARED_SELECTOR = YES;
				GCC_WARN_UNINITIALIZED_AUTOS = YES_AGGRESSIVE;
				GCC_WARN_UNUSED_FUNCTION = YES;
				GCC_WARN_UNUSED_VARIABLE = YES;
				IPHONEOS_DEPLOYMENT_TARGET = 17.2;
				LOCALIZATION_PREFERS_STRING_CATALOGS = YES;
				MTL_ENABLE_DEBUG_INFO = NO;
				MTL_FAST_MATH = YES;
				SDKROOT = iphoneos;
				SWIFT_COMPILATION_MODE = wholemodule;
				VALIDATE_PRODUCT = YES;
			};
			name = Release;
		};
		0E5A1D262C357288003CE36C /* Debug */ = {
			isa = XCBuildConfiguration;
			baseConfigurationReference = 0E5A1D2E2C357571003CE36C /* Secret.xcconfig */;
			buildSettings = {
				ASSETCATALOG_COMPILER_APPICON_NAME = AppIcon;
				ASSETCATALOG_COMPILER_GLOBAL_ACCENT_COLOR_NAME = AccentColor;
				CODE_SIGN_STYLE = Automatic;
				CURRENT_PROJECT_VERSION = 1;
				DEVELOPMENT_TEAM = 8PRV428ULN;
				GENERATE_INFOPLIST_FILE = YES;
				INFOPLIST_FILE = ShopLive_iOS_Assignment/Info.plist;
				INFOPLIST_KEY_UIApplicationSupportsIndirectInputEvents = YES;
				INFOPLIST_KEY_UILaunchStoryboardName = LaunchScreen;
				INFOPLIST_KEY_UISupportedInterfaceOrientations_iPad = "UIInterfaceOrientationPortrait UIInterfaceOrientationPortraitUpsideDown UIInterfaceOrientationLandscapeLeft UIInterfaceOrientationLandscapeRight";
				INFOPLIST_KEY_UISupportedInterfaceOrientations_iPhone = UIInterfaceOrientationPortrait;
				INFOPLIST_KEY_UIUserInterfaceStyle = Light;
				IPHONEOS_DEPLOYMENT_TARGET = 13.0;
				LD_RUNPATH_SEARCH_PATHS = (
					"$(inherited)",
					"@executable_path/Frameworks",
				);
				MARKETING_VERSION = 1.0;
				PRODUCT_BUNDLE_IDENTIFIER = "com.J-Min.ShopLive-iOS-Assignment";
				PRODUCT_NAME = "$(TARGET_NAME)";
				SWIFT_EMIT_LOC_STRINGS = YES;
				SWIFT_VERSION = 5.0;
				TARGETED_DEVICE_FAMILY = "1,2";
			};
			name = Debug;
		};
		0E5A1D272C357288003CE36C /* Release */ = {
			isa = XCBuildConfiguration;
			baseConfigurationReference = 0E5A1D2E2C357571003CE36C /* Secret.xcconfig */;
			buildSettings = {
				ASSETCATALOG_COMPILER_APPICON_NAME = AppIcon;
				ASSETCATALOG_COMPILER_GLOBAL_ACCENT_COLOR_NAME = AccentColor;
				CODE_SIGN_STYLE = Automatic;
				CURRENT_PROJECT_VERSION = 1;
				DEVELOPMENT_TEAM = 8PRV428ULN;
				GENERATE_INFOPLIST_FILE = YES;
				INFOPLIST_FILE = ShopLive_iOS_Assignment/Info.plist;
				INFOPLIST_KEY_UIApplicationSupportsIndirectInputEvents = YES;
				INFOPLIST_KEY_UILaunchStoryboardName = LaunchScreen;
				INFOPLIST_KEY_UISupportedInterfaceOrientations_iPad = "UIInterfaceOrientationPortrait UIInterfaceOrientationPortraitUpsideDown UIInterfaceOrientationLandscapeLeft UIInterfaceOrientationLandscapeRight";
				INFOPLIST_KEY_UISupportedInterfaceOrientations_iPhone = UIInterfaceOrientationPortrait;
				INFOPLIST_KEY_UIUserInterfaceStyle = Light;
				IPHONEOS_DEPLOYMENT_TARGET = 13.0;
				LD_RUNPATH_SEARCH_PATHS = (
					"$(inherited)",
					"@executable_path/Frameworks",
				);
				MARKETING_VERSION = 1.0;
				PRODUCT_BUNDLE_IDENTIFIER = "com.J-Min.ShopLive-iOS-Assignment";
				PRODUCT_NAME = "$(TARGET_NAME)";
				SWIFT_EMIT_LOC_STRINGS = YES;
				SWIFT_VERSION = 5.0;
				TARGETED_DEVICE_FAMILY = "1,2";
			};
			name = Release;
		};
		0E5A1D292C357288003CE36C /* Debug */ = {
			isa = XCBuildConfiguration;
			buildSettings = {
				ALWAYS_EMBED_SWIFT_STANDARD_LIBRARIES = YES;
				BUNDLE_LOADER = "$(TEST_HOST)";
				CODE_SIGN_STYLE = Automatic;
				CURRENT_PROJECT_VERSION = 1;
				DEVELOPMENT_TEAM = 8PRV428ULN;
				GENERATE_INFOPLIST_FILE = YES;
				IPHONEOS_DEPLOYMENT_TARGET = 17.2;
				MARKETING_VERSION = 1.0;
				PRODUCT_BUNDLE_IDENTIFIER = "com.J-Min.ShopLive-iOS-AssignmentTests";
				PRODUCT_NAME = "$(TARGET_NAME)";
				SWIFT_EMIT_LOC_STRINGS = NO;
				SWIFT_VERSION = 5.0;
				TARGETED_DEVICE_FAMILY = "1,2";
				TEST_HOST = "$(BUILT_PRODUCTS_DIR)/ShopLive_iOS_Assignment.app/$(BUNDLE_EXECUTABLE_FOLDER_PATH)/ShopLive_iOS_Assignment";
			};
			name = Debug;
		};
		0E5A1D2A2C357288003CE36C /* Release */ = {
			isa = XCBuildConfiguration;
			buildSettings = {
				ALWAYS_EMBED_SWIFT_STANDARD_LIBRARIES = YES;
				BUNDLE_LOADER = "$(TEST_HOST)";
				CODE_SIGN_STYLE = Automatic;
				CURRENT_PROJECT_VERSION = 1;
				DEVELOPMENT_TEAM = 8PRV428ULN;
				GENERATE_INFOPLIST_FILE = YES;
				IPHONEOS_DEPLOYMENT_TARGET = 17.2;
				MARKETING_VERSION = 1.0;
				PRODUCT_BUNDLE_IDENTIFIER = "com.J-Min.ShopLive-iOS-AssignmentTests";
				PRODUCT_NAME = "$(TARGET_NAME)";
				SWIFT_EMIT_LOC_STRINGS = NO;
				SWIFT_VERSION = 5.0;
				TARGETED_DEVICE_FAMILY = "1,2";
				TEST_HOST = "$(BUILT_PRODUCTS_DIR)/ShopLive_iOS_Assignment.app/$(BUNDLE_EXECUTABLE_FOLDER_PATH)/ShopLive_iOS_Assignment";
			};
			name = Release;
		};
		0E5A1D2C2C357288003CE36C /* Debug */ = {
			isa = XCBuildConfiguration;
			buildSettings = {
				ALWAYS_EMBED_SWIFT_STANDARD_LIBRARIES = YES;
				CODE_SIGN_STYLE = Automatic;
				CURRENT_PROJECT_VERSION = 1;
				DEVELOPMENT_TEAM = 8PRV428ULN;
				GENERATE_INFOPLIST_FILE = YES;
				MARKETING_VERSION = 1.0;
				PRODUCT_BUNDLE_IDENTIFIER = "com.J-Min.ShopLive-iOS-AssignmentUITests";
				PRODUCT_NAME = "$(TARGET_NAME)";
				SWIFT_EMIT_LOC_STRINGS = NO;
				SWIFT_VERSION = 5.0;
				TARGETED_DEVICE_FAMILY = "1,2";
				TEST_TARGET_NAME = ShopLive_iOS_Assignment;
			};
			name = Debug;
		};
		0E5A1D2D2C357288003CE36C /* Release */ = {
			isa = XCBuildConfiguration;
			buildSettings = {
				ALWAYS_EMBED_SWIFT_STANDARD_LIBRARIES = YES;
				CODE_SIGN_STYLE = Automatic;
				CURRENT_PROJECT_VERSION = 1;
				DEVELOPMENT_TEAM = 8PRV428ULN;
				GENERATE_INFOPLIST_FILE = YES;
				MARKETING_VERSION = 1.0;
				PRODUCT_BUNDLE_IDENTIFIER = "com.J-Min.ShopLive-iOS-AssignmentUITests";
				PRODUCT_NAME = "$(TARGET_NAME)";
				SWIFT_EMIT_LOC_STRINGS = NO;
				SWIFT_VERSION = 5.0;
				TARGETED_DEVICE_FAMILY = "1,2";
				TEST_TARGET_NAME = ShopLive_iOS_Assignment;
			};
			name = Release;
		};
/* End XCBuildConfiguration section */

/* Begin XCConfigurationList section */
		0E5A1CF62C357285003CE36C /* Build configuration list for PBXProject "ShopLive_iOS_Assignment" */ = {
			isa = XCConfigurationList;
			buildConfigurations = (
				0E5A1D232C357288003CE36C /* Debug */,
				0E5A1D242C357288003CE36C /* Release */,
			);
			defaultConfigurationIsVisible = 0;
			defaultConfigurationName = Release;
		};
		0E5A1D252C357288003CE36C /* Build configuration list for PBXNativeTarget "ShopLive_iOS_Assignment" */ = {
			isa = XCConfigurationList;
			buildConfigurations = (
				0E5A1D262C357288003CE36C /* Debug */,
				0E5A1D272C357288003CE36C /* Release */,
			);
			defaultConfigurationIsVisible = 0;
			defaultConfigurationName = Release;
		};
		0E5A1D282C357288003CE36C /* Build configuration list for PBXNativeTarget "ShopLive_iOS_AssignmentTests" */ = {
			isa = XCConfigurationList;
			buildConfigurations = (
				0E5A1D292C357288003CE36C /* Debug */,
				0E5A1D2A2C357288003CE36C /* Release */,
			);
			defaultConfigurationIsVisible = 0;
			defaultConfigurationName = Release;
		};
		0E5A1D2B2C357288003CE36C /* Build configuration list for PBXNativeTarget "ShopLive_iOS_AssignmentUITests" */ = {
			isa = XCConfigurationList;
			buildConfigurations = (
				0E5A1D2C2C357288003CE36C /* Debug */,
				0E5A1D2D2C357288003CE36C /* Release */,
			);
			defaultConfigurationIsVisible = 0;
			defaultConfigurationName = Release;
		};
/* End XCConfigurationList section */

/* Begin XCRemoteSwiftPackageReference section */
		0E5A1D392C358932003CE36C /* XCRemoteSwiftPackageReference "SnapKit" */ = {
			isa = XCRemoteSwiftPackageReference;
			repositoryURL = "https://github.com/SnapKit/SnapKit.git";
			requirement = {
				kind = upToNextMajorVersion;
				minimumVersion = 5.7.1;
			};
		};
		0E5A1D3C2C358940003CE36C /* XCRemoteSwiftPackageReference "SDWebImage" */ = {
			isa = XCRemoteSwiftPackageReference;
			repositoryURL = "https://github.com/SDWebImage/SDWebImage";
			requirement = {
				kind = upToNextMajorVersion;
				minimumVersion = 5.19.4;
			};
		};
		0EA198182C3681D7001C07BD /* XCRemoteSwiftPackageReference "lottie-ios" */ = {
			isa = XCRemoteSwiftPackageReference;
			repositoryURL = "https://github.com/airbnb/lottie-ios.git";
			requirement = {
				kind = upToNextMajorVersion;
				minimumVersion = 4.4.3;
			};
		};
/* End XCRemoteSwiftPackageReference section */

/* Begin XCSwiftPackageProductDependency section */
		0E5A1D3A2C358932003CE36C /* SnapKit */ = {
			isa = XCSwiftPackageProductDependency;
			package = 0E5A1D392C358932003CE36C /* XCRemoteSwiftPackageReference "SnapKit" */;
			productName = SnapKit;
		};
		0E5A1D3D2C358940003CE36C /* SDWebImage */ = {
			isa = XCSwiftPackageProductDependency;
			package = 0E5A1D3C2C358940003CE36C /* XCRemoteSwiftPackageReference "SDWebImage" */;
			productName = SDWebImage;
		};
		0EA198192C3681D7001C07BD /* Lottie */ = {
			isa = XCSwiftPackageProductDependency;
			package = 0EA198182C3681D7001C07BD /* XCRemoteSwiftPackageReference "lottie-ios" */;
			productName = Lottie;
		};
/* End XCSwiftPackageProductDependency section */

/* Begin XCVersionGroup section */
		0E5A1D512C3646D0003CE36C /* FavoriteMarvelCharacter.xcdatamodeld */ = {
			isa = XCVersionGroup;
			children = (
				0E5A1D522C3646D0003CE36C /* FavoriteMarvelCharacter.xcdatamodel */,
			);
			currentVersion = 0E5A1D522C3646D0003CE36C /* FavoriteMarvelCharacter.xcdatamodel */;
			path = FavoriteMarvelCharacter.xcdatamodeld;
			sourceTree = "<group>";
			versionGroupType = wrapper.xcdatamodel;
		};
/* End XCVersionGroup section */
	};
	rootObject = 0E5A1CF32C357285003CE36C /* Project object */;
}
